
Microsoft Visual Studio Solution File, Format Version 12.00
# Visual Studio Version 17
VisualStudioVersion = 17.5.002.0
MinimumVisualStudioVersion = 10.0.40219.1
Project("{9A19103F-16F7-4668-BE54-9A1E7A4F7556}") = "TTT", "TTT\TTT.csproj", "{EAE1A0CD-85F0-4404-A523-75102C4F6817}"
EndProject
Project("{2150E333-8FDC-42A3-9474-1A3956D46DE8}") = "mod", "mod", "{0A7EC305-E064-43B4-BFD7-0F307FCE684A}"
EndProject
Project("{9A19103F-16F7-4668-BE54-9A1E7A4F7556}") = "TTT.Detective", "mod\TTT.Detective\TTT.Detective.csproj", "{F3EF0EE5-00B1-422D-A07F-928738513230}"
EndProject
Project("{9A19103F-16F7-4668-BE54-9A1E7A4F7556}") = "TTT.Logs", "mod\TTT.Logs\TTT.Logs.csproj", "{4CA80C5E-58F1-443C-A53F-D560F57F2D06}"
EndProject
Project("{9A19103F-16F7-4668-BE54-9A1E7A4F7556}") = "TTT.Manager", "mod\TTT.Manager\TTT.Manager.csproj", "{9CE5D414-6C84-47B9-A75F-21D66BF79571}"
EndProject
Project("{9A19103F-16F7-4668-BE54-9A1E7A4F7556}") = "TTT.Player", "mod\TTT.Player\TTT.Player.csproj", "{18BD73D8-567C-452F-BECD-A806A70D3EBD}"
EndProject
Project("{9A19103F-16F7-4668-BE54-9A1E7A4F7556}") = "TTT.Roles", "mod\TTT.Roles\TTT.Roles.csproj", "{987ADCFD-51E7-4809-A2D5-0FE626DC8FBF}"
EndProject
Project("{9A19103F-16F7-4668-BE54-9A1E7A4F7556}") = "TTT.Round", "mod\TTT.Round\TTT.Round.csproj", "{A53A6183-89D3-41DC-B39C-865E9980B865}"
EndProject
Project("{9A19103F-16F7-4668-BE54-9A1E7A4F7556}") = "TTT.Scoreboard", "mod\TTT.Scoreboard\TTT.Scoreboard.csproj", "{C7B2D2FA-7330-4C18-B2F6-A1C89DE03784}"
EndProject
Project("{9A19103F-16F7-4668-BE54-9A1E7A4F7556}") = "TTT.Shop", "mod\TTT.Shop\TTT.Shop.csproj", "{5194E529-4ECD-4310-84DC-AB6BCB263089}"
EndProject
Project("{2150E333-8FDC-42A3-9474-1A3956D46DE8}") = "public", "public", "{F19FE9FD-973E-46D0-BF14-0E17C5E8C43D}"
EndProject
Project("{9A19103F-16F7-4668-BE54-9A1E7A4F7556}") = "TTT.Formatting", "public\TTT.Formatting\TTT.Formatting.csproj", "{30E41DA6-249F-4B74-8646-2BF09DCAD144}"
EndProject
Project("{9A19103F-16F7-4668-BE54-9A1E7A4F7556}") = "TTT.Public", "public\TTT.Public\TTT.Public.csproj", "{9CFA56DE-4B34-4250-8E3C-E388C6DFB88A}"
EndProject
Global
	GlobalSection(SolutionConfigurationPlatforms) = preSolution
		Debug|Any CPU = Debug|Any CPU
		Release|Any CPU = Release|Any CPU
	EndGlobalSection
	GlobalSection(ProjectConfigurationPlatforms) = postSolution
		{EAE1A0CD-85F0-4404-A523-75102C4F6817}.Debug|Any CPU.ActiveCfg = Debug|Any CPU
		{EAE1A0CD-85F0-4404-A523-75102C4F6817}.Debug|Any CPU.Build.0 = Debug|Any CPU
		{EAE1A0CD-85F0-4404-A523-75102C4F6817}.Release|Any CPU.ActiveCfg = Release|Any CPU
		{EAE1A0CD-85F0-4404-A523-75102C4F6817}.Release|Any CPU.Build.0 = Release|Any CPU
		{F3EF0EE5-00B1-422D-A07F-928738513230}.Debug|Any CPU.ActiveCfg = Debug|Any CPU
		{F3EF0EE5-00B1-422D-A07F-928738513230}.Debug|Any CPU.Build.0 = Debug|Any CPU
		{F3EF0EE5-00B1-422D-A07F-928738513230}.Release|Any CPU.ActiveCfg = Release|Any CPU
		{F3EF0EE5-00B1-422D-A07F-928738513230}.Release|Any CPU.Build.0 = Release|Any CPU
		{4CA80C5E-58F1-443C-A53F-D560F57F2D06}.Debug|Any CPU.ActiveCfg = Debug|Any CPU
		{4CA80C5E-58F1-443C-A53F-D560F57F2D06}.Debug|Any CPU.Build.0 = Debug|Any CPU
		{4CA80C5E-58F1-443C-A53F-D560F57F2D06}.Release|Any CPU.ActiveCfg = Release|Any CPU
		{4CA80C5E-58F1-443C-A53F-D560F57F2D06}.Release|Any CPU.Build.0 = Release|Any CPU
		{9CE5D414-6C84-47B9-A75F-21D66BF79571}.Debug|Any CPU.ActiveCfg = Debug|Any CPU
		{9CE5D414-6C84-47B9-A75F-21D66BF79571}.Debug|Any CPU.Build.0 = Debug|Any CPU
		{9CE5D414-6C84-47B9-A75F-21D66BF79571}.Release|Any CPU.ActiveCfg = Release|Any CPU
		{9CE5D414-6C84-47B9-A75F-21D66BF79571}.Release|Any CPU.Build.0 = Release|Any CPU
		{18BD73D8-567C-452F-BECD-A806A70D3EBD}.Debug|Any CPU.ActiveCfg = Debug|Any CPU
		{18BD73D8-567C-452F-BECD-A806A70D3EBD}.Debug|Any CPU.Build.0 = Debug|Any CPU
		{18BD73D8-567C-452F-BECD-A806A70D3EBD}.Release|Any CPU.ActiveCfg = Release|Any CPU
		{18BD73D8-567C-452F-BECD-A806A70D3EBD}.Release|Any CPU.Build.0 = Release|Any CPU
		{987ADCFD-51E7-4809-A2D5-0FE626DC8FBF}.Debug|Any CPU.ActiveCfg = Debug|Any CPU
		{987ADCFD-51E7-4809-A2D5-0FE626DC8FBF}.Debug|Any CPU.Build.0 = Debug|Any CPU
		{987ADCFD-51E7-4809-A2D5-0FE626DC8FBF}.Release|Any CPU.ActiveCfg = Release|Any CPU
		{987ADCFD-51E7-4809-A2D5-0FE626DC8FBF}.Release|Any CPU.Build.0 = Release|Any CPU
		{A53A6183-89D3-41DC-B39C-865E9980B865}.Debug|Any CPU.ActiveCfg = Debug|Any CPU
		{A53A6183-89D3-41DC-B39C-865E9980B865}.Debug|Any CPU.Build.0 = Debug|Any CPU
		{A53A6183-89D3-41DC-B39C-865E9980B865}.Release|Any CPU.ActiveCfg = Release|Any CPU
		{A53A6183-89D3-41DC-B39C-865E9980B865}.Release|Any CPU.Build.0 = Release|Any CPU
		{C7B2D2FA-7330-4C18-B2F6-A1C89DE03784}.Debug|Any CPU.ActiveCfg = Debug|Any CPU
		{C7B2D2FA-7330-4C18-B2F6-A1C89DE03784}.Debug|Any CPU.Build.0 = Debug|Any CPU
		{C7B2D2FA-7330-4C18-B2F6-A1C89DE03784}.Release|Any CPU.ActiveCfg = Release|Any CPU
		{C7B2D2FA-7330-4C18-B2F6-A1C89DE03784}.Release|Any CPU.Build.0 = Release|Any CPU
		{5194E529-4ECD-4310-84DC-AB6BCB263089}.Debug|Any CPU.ActiveCfg = Debug|Any CPU
		{5194E529-4ECD-4310-84DC-AB6BCB263089}.Debug|Any CPU.Build.0 = Debug|Any CPU
		{5194E529-4ECD-4310-84DC-AB6BCB263089}.Release|Any CPU.ActiveCfg = Release|Any CPU
		{5194E529-4ECD-4310-84DC-AB6BCB263089}.Release|Any CPU.Build.0 = Release|Any CPU
		{30E41DA6-249F-4B74-8646-2BF09DCAD144}.Debug|Any CPU.ActiveCfg = Debug|Any CPU
		{30E41DA6-249F-4B74-8646-2BF09DCAD144}.Debug|Any CPU.Build.0 = Debug|Any CPU
		{30E41DA6-249F-4B74-8646-2BF09DCAD144}.Release|Any CPU.ActiveCfg = Release|Any CPU
		{30E41DA6-249F-4B74-8646-2BF09DCAD144}.Release|Any CPU.Build.0 = Release|Any CPU
		{9CFA56DE-4B34-4250-8E3C-E388C6DFB88A}.Debug|Any CPU.ActiveCfg = Debug|Any CPU
		{9CFA56DE-4B34-4250-8E3C-E388C6DFB88A}.Debug|Any CPU.Build.0 = Debug|Any CPU
		{9CFA56DE-4B34-4250-8E3C-E388C6DFB88A}.Release|Any CPU.ActiveCfg = Release|Any CPU
		{9CFA56DE-4B34-4250-8E3C-E388C6DFB88A}.Release|Any CPU.Build.0 = Release|Any CPU
	EndGlobalSection
	GlobalSection(SolutionProperties) = preSolution
		HideSolutionNode = FALSE
	EndGlobalSection
	GlobalSection(NestedProjects) = preSolution
		{F3EF0EE5-00B1-422D-A07F-928738513230} = {0A7EC305-E064-43B4-BFD7-0F307FCE684A}
		{4CA80C5E-58F1-443C-A53F-D560F57F2D06} = {0A7EC305-E064-43B4-BFD7-0F307FCE684A}
		{9CE5D414-6C84-47B9-A75F-21D66BF79571} = {0A7EC305-E064-43B4-BFD7-0F307FCE684A}
		{18BD73D8-567C-452F-BECD-A806A70D3EBD} = {0A7EC305-E064-43B4-BFD7-0F307FCE684A}
		{987ADCFD-51E7-4809-A2D5-0FE626DC8FBF} = {0A7EC305-E064-43B4-BFD7-0F307FCE684A}
		{A53A6183-89D3-41DC-B39C-865E9980B865} = {0A7EC305-E064-43B4-BFD7-0F307FCE684A}
		{C7B2D2FA-7330-4C18-B2F6-A1C89DE03784} = {0A7EC305-E064-43B4-BFD7-0F307FCE684A}
		{5194E529-4ECD-4310-84DC-AB6BCB263089} = {0A7EC305-E064-43B4-BFD7-0F307FCE684A}
		{30E41DA6-249F-4B74-8646-2BF09DCAD144} = {F19FE9FD-973E-46D0-BF14-0E17C5E8C43D}
		{9CFA56DE-4B34-4250-8E3C-E388C6DFB88A} = {F19FE9FD-973E-46D0-BF14-0E17C5E8C43D}
	EndGlobalSection
	GlobalSection(ExtensibilityGlobals) = postSolution
		SolutionGuid = {E73A43BF-A0B6-4072-82C2-ED77E9012F88}
	EndGlobalSection
EndGlobal
