
Microsoft Visual Studio Solution File, Format Version 12.00
# Visual Studio Version 17
VisualStudioVersion = 17.5.002.0
MinimumVisualStudioVersion = 10.0.40219.1
Project("{9A19103F-16F7-4668-BE54-9A1E7A4F7556}") = "TTT", "TTT\TTT.csproj", "{B459F2BE-3480-4D8F-BB2C-5467CE8BB687}"
EndProject
Project("{2150E333-8FDC-42A3-9474-1A3956D46DE8}") = "mod", "mod", "{60685FA9-D125-40DC-8550-4B4C8E998C6D}"
EndProject
Project("{9A19103F-16F7-4668-BE54-9A1E7A4F7556}") = "TTT.Detective", "mod\TTT.Detective\TTT.Detective.csproj", "{67F7B840-5D7B-4DB5-A86E-AE03672C99F7}"
EndProject
Project("{9A19103F-16F7-4668-BE54-9A1E7A4F7556}") = "TTT.Logs", "mod\TTT.Logs\TTT.Logs.csproj", "{87606042-A50E-493F-9EEF-DEF24FABE14A}"
EndProject
Project("{9A19103F-16F7-4668-BE54-9A1E7A4F7556}") = "TTT.Manager", "mod\TTT.Manager\TTT.Manager.csproj", "{00CDD38D-67E7-49C3-8154-E7265BDB665C}"
EndProject
Project("{9A19103F-16F7-4668-BE54-9A1E7A4F7556}") = "TTT.Player", "mod\TTT.Player\TTT.Player.csproj", "{7D664CB7-FA7F-4EC8-8465-45F700CAC073}"
EndProject
Project("{9A19103F-16F7-4668-BE54-9A1E7A4F7556}") = "TTT.Roles", "mod\TTT.Roles\TTT.Roles.csproj", "{79CAF9A0-C1B9-4A76-B5E2-839B9965DCF2}"
EndProject
Project("{9A19103F-16F7-4668-BE54-9A1E7A4F7556}") = "TTT.Round", "mod\TTT.Round\TTT.Round.csproj", "{044DA49C-C272-4D20-8DF3-4D17FB8E3C61}"
EndProject
Project("{9A19103F-16F7-4668-BE54-9A1E7A4F7556}") = "TTT.Scoreboard", "mod\TTT.Scoreboard\TTT.Scoreboard.csproj", "{98E0A0BE-8836-40C3-AAE5-7C44A9C0F0E9}"
EndProject
Project("{9A19103F-16F7-4668-BE54-9A1E7A4F7556}") = "TTT.Shop", "mod\TTT.Shop\TTT.Shop.csproj", "{C7121F98-05F0-4BB1-8F4C-3E70315CF977}"
EndProject
Project("{2150E333-8FDC-42A3-9474-1A3956D46DE8}") = "public", "public", "{338A68C2-A403-4D5A-A04B-426954DB10E2}"
EndProject
Project("{9A19103F-16F7-4668-BE54-9A1E7A4F7556}") = "TTT.Formatting", "public\TTT.Formatting\TTT.Formatting.csproj", "{9C743156-5667-44A6-AE31-E1DD84301C6A}"
EndProject
Project("{9A19103F-16F7-4668-BE54-9A1E7A4F7556}") = "TTT.Public", "public\TTT.Public\TTT.Public.csproj", "{BD0B52D5-D39C-4677-8A6D-319E53FD9DE0}"
EndProject
Global
	GlobalSection(SolutionConfigurationPlatforms) = preSolution
		Debug|Any CPU = Debug|Any CPU
		Release|Any CPU = Release|Any CPU
	EndGlobalSection
	GlobalSection(ProjectConfigurationPlatforms) = postSolution
		{B459F2BE-3480-4D8F-BB2C-5467CE8BB687}.Debug|Any CPU.ActiveCfg = Debug|Any CPU
		{B459F2BE-3480-4D8F-BB2C-5467CE8BB687}.Debug|Any CPU.Build.0 = Debug|Any CPU
		{B459F2BE-3480-4D8F-BB2C-5467CE8BB687}.Release|Any CPU.ActiveCfg = Release|Any CPU
		{B459F2BE-3480-4D8F-BB2C-5467CE8BB687}.Release|Any CPU.Build.0 = Release|Any CPU
		{67F7B840-5D7B-4DB5-A86E-AE03672C99F7}.Debug|Any CPU.ActiveCfg = Debug|Any CPU
		{67F7B840-5D7B-4DB5-A86E-AE03672C99F7}.Debug|Any CPU.Build.0 = Debug|Any CPU
		{67F7B840-5D7B-4DB5-A86E-AE03672C99F7}.Release|Any CPU.ActiveCfg = Release|Any CPU
		{67F7B840-5D7B-4DB5-A86E-AE03672C99F7}.Release|Any CPU.Build.0 = Release|Any CPU
		{87606042-A50E-493F-9EEF-DEF24FABE14A}.Debug|Any CPU.ActiveCfg = Debug|Any CPU
		{87606042-A50E-493F-9EEF-DEF24FABE14A}.Debug|Any CPU.Build.0 = Debug|Any CPU
		{87606042-A50E-493F-9EEF-DEF24FABE14A}.Release|Any CPU.ActiveCfg = Release|Any CPU
		{87606042-A50E-493F-9EEF-DEF24FABE14A}.Release|Any CPU.Build.0 = Release|Any CPU
		{00CDD38D-67E7-49C3-8154-E7265BDB665C}.Debug|Any CPU.ActiveCfg = Debug|Any CPU
		{00CDD38D-67E7-49C3-8154-E7265BDB665C}.Debug|Any CPU.Build.0 = Debug|Any CPU
		{00CDD38D-67E7-49C3-8154-E7265BDB665C}.Release|Any CPU.ActiveCfg = Release|Any CPU
		{00CDD38D-67E7-49C3-8154-E7265BDB665C}.Release|Any CPU.Build.0 = Release|Any CPU
		{7D664CB7-FA7F-4EC8-8465-45F700CAC073}.Debug|Any CPU.ActiveCfg = Debug|Any CPU
		{7D664CB7-FA7F-4EC8-8465-45F700CAC073}.Debug|Any CPU.Build.0 = Debug|Any CPU
		{7D664CB7-FA7F-4EC8-8465-45F700CAC073}.Release|Any CPU.ActiveCfg = Release|Any CPU
		{7D664CB7-FA7F-4EC8-8465-45F700CAC073}.Release|Any CPU.Build.0 = Release|Any CPU
		{79CAF9A0-C1B9-4A76-B5E2-839B9965DCF2}.Debug|Any CPU.ActiveCfg = Debug|Any CPU
		{79CAF9A0-C1B9-4A76-B5E2-839B9965DCF2}.Debug|Any CPU.Build.0 = Debug|Any CPU
		{79CAF9A0-C1B9-4A76-B5E2-839B9965DCF2}.Release|Any CPU.ActiveCfg = Release|Any CPU
		{79CAF9A0-C1B9-4A76-B5E2-839B9965DCF2}.Release|Any CPU.Build.0 = Release|Any CPU
		{044DA49C-C272-4D20-8DF3-4D17FB8E3C61}.Debug|Any CPU.ActiveCfg = Debug|Any CPU
		{044DA49C-C272-4D20-8DF3-4D17FB8E3C61}.Debug|Any CPU.Build.0 = Debug|Any CPU
		{044DA49C-C272-4D20-8DF3-4D17FB8E3C61}.Release|Any CPU.ActiveCfg = Release|Any CPU
		{044DA49C-C272-4D20-8DF3-4D17FB8E3C61}.Release|Any CPU.Build.0 = Release|Any CPU
		{98E0A0BE-8836-40C3-AAE5-7C44A9C0F0E9}.Debug|Any CPU.ActiveCfg = Debug|Any CPU
		{98E0A0BE-8836-40C3-AAE5-7C44A9C0F0E9}.Debug|Any CPU.Build.0 = Debug|Any CPU
		{98E0A0BE-8836-40C3-AAE5-7C44A9C0F0E9}.Release|Any CPU.ActiveCfg = Release|Any CPU
		{98E0A0BE-8836-40C3-AAE5-7C44A9C0F0E9}.Release|Any CPU.Build.0 = Release|Any CPU
		{C7121F98-05F0-4BB1-8F4C-3E70315CF977}.Debug|Any CPU.ActiveCfg = Debug|Any CPU
		{C7121F98-05F0-4BB1-8F4C-3E70315CF977}.Debug|Any CPU.Build.0 = Debug|Any CPU
		{C7121F98-05F0-4BB1-8F4C-3E70315CF977}.Release|Any CPU.ActiveCfg = Release|Any CPU
		{C7121F98-05F0-4BB1-8F4C-3E70315CF977}.Release|Any CPU.Build.0 = Release|Any CPU
		{9C743156-5667-44A6-AE31-E1DD84301C6A}.Debug|Any CPU.ActiveCfg = Debug|Any CPU
		{9C743156-5667-44A6-AE31-E1DD84301C6A}.Debug|Any CPU.Build.0 = Debug|Any CPU
		{9C743156-5667-44A6-AE31-E1DD84301C6A}.Release|Any CPU.ActiveCfg = Release|Any CPU
		{9C743156-5667-44A6-AE31-E1DD84301C6A}.Release|Any CPU.Build.0 = Release|Any CPU
		{BD0B52D5-D39C-4677-8A6D-319E53FD9DE0}.Debug|Any CPU.ActiveCfg = Debug|Any CPU
		{BD0B52D5-D39C-4677-8A6D-319E53FD9DE0}.Debug|Any CPU.Build.0 = Debug|Any CPU
		{BD0B52D5-D39C-4677-8A6D-319E53FD9DE0}.Release|Any CPU.ActiveCfg = Release|Any CPU
		{BD0B52D5-D39C-4677-8A6D-319E53FD9DE0}.Release|Any CPU.Build.0 = Release|Any CPU
	EndGlobalSection
	GlobalSection(SolutionProperties) = preSolution
		HideSolutionNode = FALSE
	EndGlobalSection
	GlobalSection(NestedProjects) = preSolution
		{67F7B840-5D7B-4DB5-A86E-AE03672C99F7} = {60685FA9-D125-40DC-8550-4B4C8E998C6D}
		{87606042-A50E-493F-9EEF-DEF24FABE14A} = {60685FA9-D125-40DC-8550-4B4C8E998C6D}
		{00CDD38D-67E7-49C3-8154-E7265BDB665C} = {60685FA9-D125-40DC-8550-4B4C8E998C6D}
		{7D664CB7-FA7F-4EC8-8465-45F700CAC073} = {60685FA9-D125-40DC-8550-4B4C8E998C6D}
		{79CAF9A0-C1B9-4A76-B5E2-839B9965DCF2} = {60685FA9-D125-40DC-8550-4B4C8E998C6D}
		{044DA49C-C272-4D20-8DF3-4D17FB8E3C61} = {60685FA9-D125-40DC-8550-4B4C8E998C6D}
		{98E0A0BE-8836-40C3-AAE5-7C44A9C0F0E9} = {60685FA9-D125-40DC-8550-4B4C8E998C6D}
		{C7121F98-05F0-4BB1-8F4C-3E70315CF977} = {60685FA9-D125-40DC-8550-4B4C8E998C6D}
		{9C743156-5667-44A6-AE31-E1DD84301C6A} = {338A68C2-A403-4D5A-A04B-426954DB10E2}
		{BD0B52D5-D39C-4677-8A6D-319E53FD9DE0} = {338A68C2-A403-4D5A-A04B-426954DB10E2}
	EndGlobalSection
	GlobalSection(ExtensibilityGlobals) = postSolution
		SolutionGuid = {E73A43BF-A0B6-4072-82C2-ED77E9012F88}
	EndGlobalSection
EndGlobal
