
Microsoft Visual Studio Solution File, Format Version 12.00
# Visual Studio Version 17
VisualStudioVersion = 17.5.002.0
MinimumVisualStudioVersion = 10.0.40219.1
Project("{9A19103F-16F7-4668-BE54-9A1E7A4F7556}") = "TTT", "TTT\TTT.csproj", "{E1528751-09F4-4C6A-BED4-4936D114891F}"
EndProject
Project("{2150E333-8FDC-42A3-9474-1A3956D46DE8}") = "mod", "mod", "{04EA4119-810D-4EF5-A83C-4D568C600A74}"
EndProject
Project("{9A19103F-16F7-4668-BE54-9A1E7A4F7556}") = "TTT.Detective", "mod\TTT.Detective\TTT.Detective.csproj", "{8B601CE6-CAC2-49F9-8D0D-F7B5EB095DEC}"
EndProject
Project("{9A19103F-16F7-4668-BE54-9A1E7A4F7556}") = "TTT.Logs", "mod\TTT.Logs\TTT.Logs.csproj", "{D00616BD-12AC-49EB-B41D-A792979991C1}"
EndProject
Project("{9A19103F-16F7-4668-BE54-9A1E7A4F7556}") = "TTT.Manager", "mod\TTT.Manager\TTT.Manager.csproj", "{0CEB03D3-31A6-404B-9DDC-88DECF07AB81}"
EndProject
Project("{9A19103F-16F7-4668-BE54-9A1E7A4F7556}") = "TTT.Player", "mod\TTT.Player\TTT.Player.csproj", "{BA98FF71-B43D-41A0-958F-4AEFDF80486A}"
EndProject
Project("{9A19103F-16F7-4668-BE54-9A1E7A4F7556}") = "TTT.Roles", "mod\TTT.Roles\TTT.Roles.csproj", "{6C87FFC0-00C6-4EF0-BB5A-6EF16EFA5CEB}"
EndProject
Project("{9A19103F-16F7-4668-BE54-9A1E7A4F7556}") = "TTT.Round", "mod\TTT.Round\TTT.Round.csproj", "{166064B7-3A34-45D1-AEB7-AE91D74531EB}"
EndProject
Project("{9A19103F-16F7-4668-BE54-9A1E7A4F7556}") = "TTT.Scoreboard", "mod\TTT.Scoreboard\TTT.Scoreboard.csproj", "{4C533667-9136-4F71-8BD3-12086BCA77C5}"
EndProject
Project("{2150E333-8FDC-42A3-9474-1A3956D46DE8}") = "public", "public", "{1722EE1C-0199-4A01-A984-5EC481368BF8}"
EndProject
Project("{9A19103F-16F7-4668-BE54-9A1E7A4F7556}") = "TTT.Formatting", "public\TTT.Formatting\TTT.Formatting.csproj", "{DA113840-B540-4796-9FFC-19FDC1373DAD}"
EndProject
Project("{9A19103F-16F7-4668-BE54-9A1E7A4F7556}") = "TTT.Public", "public\TTT.Public\TTT.Public.csproj", "{CF79DB65-047E-44BC-B9E9-542738E0F231}"
EndProject
Global
	GlobalSection(SolutionConfigurationPlatforms) = preSolution
		Debug|Any CPU = Debug|Any CPU
		Release|Any CPU = Release|Any CPU
	EndGlobalSection
	GlobalSection(ProjectConfigurationPlatforms) = postSolution
		{E1528751-09F4-4C6A-BED4-4936D114891F}.Debug|Any CPU.ActiveCfg = Debug|Any CPU
		{E1528751-09F4-4C6A-BED4-4936D114891F}.Debug|Any CPU.Build.0 = Debug|Any CPU
		{E1528751-09F4-4C6A-BED4-4936D114891F}.Release|Any CPU.ActiveCfg = Release|Any CPU
		{E1528751-09F4-4C6A-BED4-4936D114891F}.Release|Any CPU.Build.0 = Release|Any CPU
		{8B601CE6-CAC2-49F9-8D0D-F7B5EB095DEC}.Debug|Any CPU.ActiveCfg = Debug|Any CPU
		{8B601CE6-CAC2-49F9-8D0D-F7B5EB095DEC}.Debug|Any CPU.Build.0 = Debug|Any CPU
		{8B601CE6-CAC2-49F9-8D0D-F7B5EB095DEC}.Release|Any CPU.ActiveCfg = Release|Any CPU
		{8B601CE6-CAC2-49F9-8D0D-F7B5EB095DEC}.Release|Any CPU.Build.0 = Release|Any CPU
		{D00616BD-12AC-49EB-B41D-A792979991C1}.Debug|Any CPU.ActiveCfg = Debug|Any CPU
		{D00616BD-12AC-49EB-B41D-A792979991C1}.Debug|Any CPU.Build.0 = Debug|Any CPU
		{D00616BD-12AC-49EB-B41D-A792979991C1}.Release|Any CPU.ActiveCfg = Release|Any CPU
		{D00616BD-12AC-49EB-B41D-A792979991C1}.Release|Any CPU.Build.0 = Release|Any CPU
		{0CEB03D3-31A6-404B-9DDC-88DECF07AB81}.Debug|Any CPU.ActiveCfg = Debug|Any CPU
		{0CEB03D3-31A6-404B-9DDC-88DECF07AB81}.Debug|Any CPU.Build.0 = Debug|Any CPU
		{0CEB03D3-31A6-404B-9DDC-88DECF07AB81}.Release|Any CPU.ActiveCfg = Release|Any CPU
		{0CEB03D3-31A6-404B-9DDC-88DECF07AB81}.Release|Any CPU.Build.0 = Release|Any CPU
		{BA98FF71-B43D-41A0-958F-4AEFDF80486A}.Debug|Any CPU.ActiveCfg = Debug|Any CPU
		{BA98FF71-B43D-41A0-958F-4AEFDF80486A}.Debug|Any CPU.Build.0 = Debug|Any CPU
		{BA98FF71-B43D-41A0-958F-4AEFDF80486A}.Release|Any CPU.ActiveCfg = Release|Any CPU
		{BA98FF71-B43D-41A0-958F-4AEFDF80486A}.Release|Any CPU.Build.0 = Release|Any CPU
		{6C87FFC0-00C6-4EF0-BB5A-6EF16EFA5CEB}.Debug|Any CPU.ActiveCfg = Debug|Any CPU
		{6C87FFC0-00C6-4EF0-BB5A-6EF16EFA5CEB}.Debug|Any CPU.Build.0 = Debug|Any CPU
		{6C87FFC0-00C6-4EF0-BB5A-6EF16EFA5CEB}.Release|Any CPU.ActiveCfg = Release|Any CPU
		{6C87FFC0-00C6-4EF0-BB5A-6EF16EFA5CEB}.Release|Any CPU.Build.0 = Release|Any CPU
		{166064B7-3A34-45D1-AEB7-AE91D74531EB}.Debug|Any CPU.ActiveCfg = Debug|Any CPU
		{166064B7-3A34-45D1-AEB7-AE91D74531EB}.Debug|Any CPU.Build.0 = Debug|Any CPU
		{166064B7-3A34-45D1-AEB7-AE91D74531EB}.Release|Any CPU.ActiveCfg = Release|Any CPU
		{166064B7-3A34-45D1-AEB7-AE91D74531EB}.Release|Any CPU.Build.0 = Release|Any CPU
		{4C533667-9136-4F71-8BD3-12086BCA77C5}.Debug|Any CPU.ActiveCfg = Debug|Any CPU
		{4C533667-9136-4F71-8BD3-12086BCA77C5}.Debug|Any CPU.Build.0 = Debug|Any CPU
		{4C533667-9136-4F71-8BD3-12086BCA77C5}.Release|Any CPU.ActiveCfg = Release|Any CPU
		{4C533667-9136-4F71-8BD3-12086BCA77C5}.Release|Any CPU.Build.0 = Release|Any CPU
		{DA113840-B540-4796-9FFC-19FDC1373DAD}.Debug|Any CPU.ActiveCfg = Debug|Any CPU
		{DA113840-B540-4796-9FFC-19FDC1373DAD}.Debug|Any CPU.Build.0 = Debug|Any CPU
		{DA113840-B540-4796-9FFC-19FDC1373DAD}.Release|Any CPU.ActiveCfg = Release|Any CPU
		{DA113840-B540-4796-9FFC-19FDC1373DAD}.Release|Any CPU.Build.0 = Release|Any CPU
		{CF79DB65-047E-44BC-B9E9-542738E0F231}.Debug|Any CPU.ActiveCfg = Debug|Any CPU
		{CF79DB65-047E-44BC-B9E9-542738E0F231}.Debug|Any CPU.Build.0 = Debug|Any CPU
		{CF79DB65-047E-44BC-B9E9-542738E0F231}.Release|Any CPU.ActiveCfg = Release|Any CPU
		{CF79DB65-047E-44BC-B9E9-542738E0F231}.Release|Any CPU.Build.0 = Release|Any CPU
	EndGlobalSection
	GlobalSection(SolutionProperties) = preSolution
		HideSolutionNode = FALSE
	EndGlobalSection
	GlobalSection(NestedProjects) = preSolution
		{8B601CE6-CAC2-49F9-8D0D-F7B5EB095DEC} = {04EA4119-810D-4EF5-A83C-4D568C600A74}
		{D00616BD-12AC-49EB-B41D-A792979991C1} = {04EA4119-810D-4EF5-A83C-4D568C600A74}
		{0CEB03D3-31A6-404B-9DDC-88DECF07AB81} = {04EA4119-810D-4EF5-A83C-4D568C600A74}
		{BA98FF71-B43D-41A0-958F-4AEFDF80486A} = {04EA4119-810D-4EF5-A83C-4D568C600A74}
		{6C87FFC0-00C6-4EF0-BB5A-6EF16EFA5CEB} = {04EA4119-810D-4EF5-A83C-4D568C600A74}
		{166064B7-3A34-45D1-AEB7-AE91D74531EB} = {04EA4119-810D-4EF5-A83C-4D568C600A74}
		{4C533667-9136-4F71-8BD3-12086BCA77C5} = {04EA4119-810D-4EF5-A83C-4D568C600A74}
		{DA113840-B540-4796-9FFC-19FDC1373DAD} = {1722EE1C-0199-4A01-A984-5EC481368BF8}
		{CF79DB65-047E-44BC-B9E9-542738E0F231} = {1722EE1C-0199-4A01-A984-5EC481368BF8}
	EndGlobalSection
	GlobalSection(ExtensibilityGlobals) = postSolution
		SolutionGuid = {93C672F7-E171-4E29-B2D7-19BD25E96170}
	EndGlobalSection
EndGlobal
