
Microsoft Visual Studio Solution File, Format Version 12.00
# Visual Studio Version 17
VisualStudioVersion = 17.5.002.0
MinimumVisualStudioVersion = 10.0.40219.1
Project("{9A19103F-16F7-4668-BE54-9A1E7A4F7556}") = "TTT", "TTT\TTT.csproj", "{FDF2D6EA-EEA6-402A-B383-7C32D6FB2848}"
EndProject
Project("{2150E333-8FDC-42A3-9474-1A3956D46DE8}") = "mod", "mod", "{9502C0B9-2CB2-48C4-8FEF-8F4828C64535}"
EndProject
Project("{9A19103F-16F7-4668-BE54-9A1E7A4F7556}") = "TTT.Detective", "mod\TTT.Detective\TTT.Detective.csproj", "{12F5B891-F12E-4CE4-89CE-6FD712278736}"
EndProject
Project("{9A19103F-16F7-4668-BE54-9A1E7A4F7556}") = "TTT.Logs", "mod\TTT.Logs\TTT.Logs.csproj", "{6D48B7E0-930B-4F9E-9EE2-BA89C2FD32AB}"
EndProject
Project("{9A19103F-16F7-4668-BE54-9A1E7A4F7556}") = "TTT.Manager", "mod\TTT.Manager\TTT.Manager.csproj", "{32420B25-2206-4742-8447-35CAC0AEE55A}"
EndProject
Project("{9A19103F-16F7-4668-BE54-9A1E7A4F7556}") = "TTT.Player", "mod\TTT.Player\TTT.Player.csproj", "{1C6BE6C6-ECD7-4851-9459-CFE24DC480FD}"
EndProject
Project("{9A19103F-16F7-4668-BE54-9A1E7A4F7556}") = "TTT.Roles", "mod\TTT.Roles\TTT.Roles.csproj", "{8036DC35-3B66-4E86-A495-12F21B968333}"
EndProject
Project("{9A19103F-16F7-4668-BE54-9A1E7A4F7556}") = "TTT.Round", "mod\TTT.Round\TTT.Round.csproj", "{9B0EAF55-5625-43BF-A635-5D6981AFA445}"
EndProject
Project("{9A19103F-16F7-4668-BE54-9A1E7A4F7556}") = "TTT.Scoreboard", "mod\TTT.Scoreboard\TTT.Scoreboard.csproj", "{85075105-1F3C-4F06-96AE-D25AB965EA86}"
EndProject
Project("{2150E333-8FDC-42A3-9474-1A3956D46DE8}") = "public", "public", "{6CE2B87B-B3E8-46CE-9AC9-E2616713D7CB}"
EndProject
Project("{9A19103F-16F7-4668-BE54-9A1E7A4F7556}") = "TTT.Formatting", "public\TTT.Formatting\TTT.Formatting.csproj", "{BAFF6FA6-1560-4960-9C52-5BDEB530C1ED}"
EndProject
Project("{9A19103F-16F7-4668-BE54-9A1E7A4F7556}") = "TTT.Public", "public\TTT.Public\TTT.Public.csproj", "{F9605033-97E4-4379-870B-5795328CF6FE}"
EndProject
Global
	GlobalSection(SolutionConfigurationPlatforms) = preSolution
		Debug|Any CPU = Debug|Any CPU
		Release|Any CPU = Release|Any CPU
	EndGlobalSection
	GlobalSection(ProjectConfigurationPlatforms) = postSolution
		{FDF2D6EA-EEA6-402A-B383-7C32D6FB2848}.Debug|Any CPU.ActiveCfg = Debug|Any CPU
		{FDF2D6EA-EEA6-402A-B383-7C32D6FB2848}.Debug|Any CPU.Build.0 = Debug|Any CPU
		{FDF2D6EA-EEA6-402A-B383-7C32D6FB2848}.Release|Any CPU.ActiveCfg = Release|Any CPU
		{FDF2D6EA-EEA6-402A-B383-7C32D6FB2848}.Release|Any CPU.Build.0 = Release|Any CPU
		{12F5B891-F12E-4CE4-89CE-6FD712278736}.Debug|Any CPU.ActiveCfg = Debug|Any CPU
		{12F5B891-F12E-4CE4-89CE-6FD712278736}.Debug|Any CPU.Build.0 = Debug|Any CPU
		{12F5B891-F12E-4CE4-89CE-6FD712278736}.Release|Any CPU.ActiveCfg = Release|Any CPU
		{12F5B891-F12E-4CE4-89CE-6FD712278736}.Release|Any CPU.Build.0 = Release|Any CPU
		{6D48B7E0-930B-4F9E-9EE2-BA89C2FD32AB}.Debug|Any CPU.ActiveCfg = Debug|Any CPU
		{6D48B7E0-930B-4F9E-9EE2-BA89C2FD32AB}.Debug|Any CPU.Build.0 = Debug|Any CPU
		{6D48B7E0-930B-4F9E-9EE2-BA89C2FD32AB}.Release|Any CPU.ActiveCfg = Release|Any CPU
		{6D48B7E0-930B-4F9E-9EE2-BA89C2FD32AB}.Release|Any CPU.Build.0 = Release|Any CPU
		{32420B25-2206-4742-8447-35CAC0AEE55A}.Debug|Any CPU.ActiveCfg = Debug|Any CPU
		{32420B25-2206-4742-8447-35CAC0AEE55A}.Debug|Any CPU.Build.0 = Debug|Any CPU
		{32420B25-2206-4742-8447-35CAC0AEE55A}.Release|Any CPU.ActiveCfg = Release|Any CPU
		{32420B25-2206-4742-8447-35CAC0AEE55A}.Release|Any CPU.Build.0 = Release|Any CPU
		{1C6BE6C6-ECD7-4851-9459-CFE24DC480FD}.Debug|Any CPU.ActiveCfg = Debug|Any CPU
		{1C6BE6C6-ECD7-4851-9459-CFE24DC480FD}.Debug|Any CPU.Build.0 = Debug|Any CPU
		{1C6BE6C6-ECD7-4851-9459-CFE24DC480FD}.Release|Any CPU.ActiveCfg = Release|Any CPU
		{1C6BE6C6-ECD7-4851-9459-CFE24DC480FD}.Release|Any CPU.Build.0 = Release|Any CPU
		{8036DC35-3B66-4E86-A495-12F21B968333}.Debug|Any CPU.ActiveCfg = Debug|Any CPU
		{8036DC35-3B66-4E86-A495-12F21B968333}.Debug|Any CPU.Build.0 = Debug|Any CPU
		{8036DC35-3B66-4E86-A495-12F21B968333}.Release|Any CPU.ActiveCfg = Release|Any CPU
		{8036DC35-3B66-4E86-A495-12F21B968333}.Release|Any CPU.Build.0 = Release|Any CPU
		{9B0EAF55-5625-43BF-A635-5D6981AFA445}.Debug|Any CPU.ActiveCfg = Debug|Any CPU
		{9B0EAF55-5625-43BF-A635-5D6981AFA445}.Debug|Any CPU.Build.0 = Debug|Any CPU
		{9B0EAF55-5625-43BF-A635-5D6981AFA445}.Release|Any CPU.ActiveCfg = Release|Any CPU
		{9B0EAF55-5625-43BF-A635-5D6981AFA445}.Release|Any CPU.Build.0 = Release|Any CPU
		{85075105-1F3C-4F06-96AE-D25AB965EA86}.Debug|Any CPU.ActiveCfg = Debug|Any CPU
		{85075105-1F3C-4F06-96AE-D25AB965EA86}.Debug|Any CPU.Build.0 = Debug|Any CPU
		{85075105-1F3C-4F06-96AE-D25AB965EA86}.Release|Any CPU.ActiveCfg = Release|Any CPU
		{85075105-1F3C-4F06-96AE-D25AB965EA86}.Release|Any CPU.Build.0 = Release|Any CPU
		{BAFF6FA6-1560-4960-9C52-5BDEB530C1ED}.Debug|Any CPU.ActiveCfg = Debug|Any CPU
		{BAFF6FA6-1560-4960-9C52-5BDEB530C1ED}.Debug|Any CPU.Build.0 = Debug|Any CPU
		{BAFF6FA6-1560-4960-9C52-5BDEB530C1ED}.Release|Any CPU.ActiveCfg = Release|Any CPU
		{BAFF6FA6-1560-4960-9C52-5BDEB530C1ED}.Release|Any CPU.Build.0 = Release|Any CPU
		{F9605033-97E4-4379-870B-5795328CF6FE}.Debug|Any CPU.ActiveCfg = Debug|Any CPU
		{F9605033-97E4-4379-870B-5795328CF6FE}.Debug|Any CPU.Build.0 = Debug|Any CPU
		{F9605033-97E4-4379-870B-5795328CF6FE}.Release|Any CPU.ActiveCfg = Release|Any CPU
		{F9605033-97E4-4379-870B-5795328CF6FE}.Release|Any CPU.Build.0 = Release|Any CPU
	EndGlobalSection
	GlobalSection(SolutionProperties) = preSolution
		HideSolutionNode = FALSE
	EndGlobalSection
	GlobalSection(NestedProjects) = preSolution
		{12F5B891-F12E-4CE4-89CE-6FD712278736} = {9502C0B9-2CB2-48C4-8FEF-8F4828C64535}
		{6D48B7E0-930B-4F9E-9EE2-BA89C2FD32AB} = {9502C0B9-2CB2-48C4-8FEF-8F4828C64535}
		{32420B25-2206-4742-8447-35CAC0AEE55A} = {9502C0B9-2CB2-48C4-8FEF-8F4828C64535}
		{1C6BE6C6-ECD7-4851-9459-CFE24DC480FD} = {9502C0B9-2CB2-48C4-8FEF-8F4828C64535}
		{8036DC35-3B66-4E86-A495-12F21B968333} = {9502C0B9-2CB2-48C4-8FEF-8F4828C64535}
		{9B0EAF55-5625-43BF-A635-5D6981AFA445} = {9502C0B9-2CB2-48C4-8FEF-8F4828C64535}
		{85075105-1F3C-4F06-96AE-D25AB965EA86} = {9502C0B9-2CB2-48C4-8FEF-8F4828C64535}
		{BAFF6FA6-1560-4960-9C52-5BDEB530C1ED} = {6CE2B87B-B3E8-46CE-9AC9-E2616713D7CB}
		{F9605033-97E4-4379-870B-5795328CF6FE} = {6CE2B87B-B3E8-46CE-9AC9-E2616713D7CB}
	EndGlobalSection
	GlobalSection(ExtensibilityGlobals) = postSolution
		SolutionGuid = {93C672F7-E171-4E29-B2D7-19BD25E96170}
	EndGlobalSection
EndGlobal
